
Microsoft Visual Studio Solution File, Format Version 12.00
# Visual Studio Version 17
VisualStudioVersion = 17.4.33205.214
MinimumVisualStudioVersion = 10.0.40219.1
Project("{FAE04EC0-301F-11D3-BF4B-00C04F79EFBC}") = "GH_GitBasics_HongfeiCai", "GH_GitBasics_HongfeiCai\GH_GitBasics_HongfeiCai.csproj", "{CEBEBB15-5228-4092-951D-A5ECB74CC054}"
EndProject
Global
	GlobalSection(SolutionConfigurationPlatforms) = preSolution
		Debug|Any CPU = Debug|Any CPU
		Release|Any CPU = Release|Any CPU
	EndGlobalSection
	GlobalSection(ProjectConfigurationPlatforms) = postSolution
		{CEBEBB15-5228-4092-951D-A5ECB74CC054}.Debug|Any CPU.ActiveCfg = Debug|Any CPU
		{CEBEBB15-5228-4092-951D-A5ECB74CC054}.Debug|Any CPU.Build.0 = Debug|Any CPU
		{CEBEBB15-5228-4092-951D-A5ECB74CC054}.Release|Any CPU.ActiveCfg = Release|Any CPU
		{CEBEBB15-5228-4092-951D-A5ECB74CC054}.Release|Any CPU.Build.0 = Release|Any CPU
	EndGlobalSection
	GlobalSection(SolutionProperties) = preSolution
		HideSolutionNode = FALSE
	EndGlobalSection
	GlobalSection(ExtensibilityGlobals) = postSolution
		SolutionGuid = {FBD31648-5B1A-47CB-A8FD-14CA32A82A10}
	EndGlobalSection
EndGlobal
